
Microsoft Visual Studio Solution File, Format Version 12.00
# Visual Studio Version 16
VisualStudioVersion = 16.0.29920.165
MinimumVisualStudioVersion = 10.0.40219.1
Project("{2150E333-8FDC-42A3-9474-1A3956D46DE8}") = "Backends", "Backends", "{186838D7-5569-4386-811B-BB9DC3A191E2}"
EndProject
Project("{FAE04EC0-301F-11D3-BF4B-00C04F79EFBC}") = "LightOps.Commerce.Services.ContentPage.Backends.InMemory", "src\LightOps.Commerce.Services.ContentPage.Backends.InMemory\LightOps.Commerce.Services.ContentPage.Backends.InMemory.csproj", "{05D40FC0-D6FB-47B2-9E4A-F40F0118E0DB}"
EndProject
Project("{FAE04EC0-301F-11D3-BF4B-00C04F79EFBC}") = "LightOps.Commerce.Services.ContentPage", "src\LightOps.Commerce.Services.ContentPage\LightOps.Commerce.Services.ContentPage.csproj", "{D33E008E-8870-4575-B51F-5952EC76B142}"
EndProject
Global
	GlobalSection(SolutionConfigurationPlatforms) = preSolution
		Debug|Any CPU = Debug|Any CPU
		Release|Any CPU = Release|Any CPU
	EndGlobalSection
	GlobalSection(ProjectConfigurationPlatforms) = postSolution
		{05D40FC0-D6FB-47B2-9E4A-F40F0118E0DB}.Debug|Any CPU.ActiveCfg = Debug|Any CPU
		{05D40FC0-D6FB-47B2-9E4A-F40F0118E0DB}.Debug|Any CPU.Build.0 = Debug|Any CPU
		{05D40FC0-D6FB-47B2-9E4A-F40F0118E0DB}.Release|Any CPU.ActiveCfg = Release|Any CPU
		{05D40FC0-D6FB-47B2-9E4A-F40F0118E0DB}.Release|Any CPU.Build.0 = Release|Any CPU
		{D33E008E-8870-4575-B51F-5952EC76B142}.Debug|Any CPU.ActiveCfg = Debug|Any CPU
		{D33E008E-8870-4575-B51F-5952EC76B142}.Debug|Any CPU.Build.0 = Debug|Any CPU
		{D33E008E-8870-4575-B51F-5952EC76B142}.Release|Any CPU.ActiveCfg = Release|Any CPU
		{D33E008E-8870-4575-B51F-5952EC76B142}.Release|Any CPU.Build.0 = Release|Any CPU
	EndGlobalSection
	GlobalSection(SolutionProperties) = preSolution
		HideSolutionNode = FALSE
	EndGlobalSection
	GlobalSection(NestedProjects) = preSolution
		{05D40FC0-D6FB-47B2-9E4A-F40F0118E0DB} = {186838D7-5569-4386-811B-BB9DC3A191E2}
	EndGlobalSection
	GlobalSection(ExtensibilityGlobals) = postSolution
		SolutionGuid = {3A2A0004-D23B-41D5-A7EA-9E005A2C1CF9}
	EndGlobalSection
EndGlobal
