
Microsoft Visual Studio Solution File, Format Version 12.00
# Visual Studio Version 16
VisualStudioVersion = 16.0.29920.165
MinimumVisualStudioVersion = 10.0.40219.1
Project("{2150E333-8FDC-42A3-9474-1A3956D46DE8}") = "Backends", "Backends", "{186838D7-5569-4386-811B-BB9DC3A191E2}"
EndProject
Project("{9A19103F-16F7-4668-BE54-9A1E7A4F7556}") = "LightOps.Commerce.Services.ContentPage.Backends.InMemory", "src\LightOps.Commerce.Services.ContentPage.Backends.InMemory\LightOps.Commerce.Services.ContentPage.Backends.InMemory.csproj", "{05D40FC0-D6FB-47B2-9E4A-F40F0118E0DB}"
EndProject
Project("{9A19103F-16F7-4668-BE54-9A1E7A4F7556}") = "LightOps.Commerce.Services.ContentPage", "src\LightOps.Commerce.Services.ContentPage\LightOps.Commerce.Services.ContentPage.csproj", "{D33E008E-8870-4575-B51F-5952EC76B142}"
EndProject
Project("{2150E333-8FDC-42A3-9474-1A3956D46DE8}") = "Samples", "Samples", "{97159DF3-BB95-458A-B8CF-9E00618C1CEB}"
EndProject
Project("{9A19103F-16F7-4668-BE54-9A1E7A4F7556}") = "Sample.ContentPageService", "samples\Sample.ContentPageService\Sample.ContentPageService.csproj", "{E10F22F1-DD88-4C01-8318-E0CDB3AD73BF}"
EndProject
Project("{2150E333-8FDC-42A3-9474-1A3956D46DE8}") = "Solution Items", "Solution Items", "{8AE1AFC3-A37B-4388-8A01-EDB847BC0E39}"
	ProjectSection(SolutionItems) = preProject
		azure-pipelines.yml = azure-pipelines.yml
		CHANGELOG.md = CHANGELOG.md
		nuget.config = nuget.config
		README.md = README.md
	EndProjectSection
EndProject
Global
	GlobalSection(SolutionConfigurationPlatforms) = preSolution
		Debug|Any CPU = Debug|Any CPU
		Release|Any CPU = Release|Any CPU
	EndGlobalSection
	GlobalSection(ProjectConfigurationPlatforms) = postSolution
		{05D40FC0-D6FB-47B2-9E4A-F40F0118E0DB}.Debug|Any CPU.ActiveCfg = Debug|Any CPU
		{05D40FC0-D6FB-47B2-9E4A-F40F0118E0DB}.Debug|Any CPU.Build.0 = Debug|Any CPU
		{05D40FC0-D6FB-47B2-9E4A-F40F0118E0DB}.Release|Any CPU.ActiveCfg = Release|Any CPU
		{05D40FC0-D6FB-47B2-9E4A-F40F0118E0DB}.Release|Any CPU.Build.0 = Release|Any CPU
		{D33E008E-8870-4575-B51F-5952EC76B142}.Debug|Any CPU.ActiveCfg = Debug|Any CPU
		{D33E008E-8870-4575-B51F-5952EC76B142}.Debug|Any CPU.Build.0 = Debug|Any CPU
		{D33E008E-8870-4575-B51F-5952EC76B142}.Release|Any CPU.ActiveCfg = Release|Any CPU
		{D33E008E-8870-4575-B51F-5952EC76B142}.Release|Any CPU.Build.0 = Release|Any CPU
		{E10F22F1-DD88-4C01-8318-E0CDB3AD73BF}.Debug|Any CPU.ActiveCfg = Debug|Any CPU
		{E10F22F1-DD88-4C01-8318-E0CDB3AD73BF}.Debug|Any CPU.Build.0 = Debug|Any CPU
		{E10F22F1-DD88-4C01-8318-E0CDB3AD73BF}.Release|Any CPU.ActiveCfg = Release|Any CPU
		{E10F22F1-DD88-4C01-8318-E0CDB3AD73BF}.Release|Any CPU.Build.0 = Release|Any CPU
	EndGlobalSection
	GlobalSection(SolutionProperties) = preSolution
		HideSolutionNode = FALSE
	EndGlobalSection
	GlobalSection(NestedProjects) = preSolution
		{05D40FC0-D6FB-47B2-9E4A-F40F0118E0DB} = {186838D7-5569-4386-811B-BB9DC3A191E2}
		{E10F22F1-DD88-4C01-8318-E0CDB3AD73BF} = {97159DF3-BB95-458A-B8CF-9E00618C1CEB}
	EndGlobalSection
	GlobalSection(ExtensibilityGlobals) = postSolution
		SolutionGuid = {3A2A0004-D23B-41D5-A7EA-9E005A2C1CF9}
	EndGlobalSection
EndGlobal
